
Microsoft Visual Studio Solution File, Format Version 12.00
Project("{FAE04EC0-301F-11D3-BF4B-00C04F79EFBC}") = "PurityCodeQualityMetrics", "PurityCodeQualityMetrics\PurityCodeQualityMetrics.csproj", "{0BA5BC48-C045-4F86-97AB-31930E7AAAFD}"
EndProject
Project("{FAE04EC0-301F-11D3-BF4B-00C04F79EFBC}") = "PurityCodeQualityMetrics.Tests", "PurityCodeQualityMetrics.Tests\PurityCodeQualityMetrics.Tests.csproj", "{4B8BBD04-133D-4477-824C-69551884CFF2}"
EndProject
Project("{FAE04EC0-301F-11D3-BF4B-00C04F79EFBC}") = "PurityCodeQualityMetrics.Ui", "PurityCodeQualityMetrics.Ui\PurityCodeQualityMetrics.Ui.csproj", "{0377EEE5-EAA4-45D3-9AF5-0F69A876AF0F}"
EndProject
Global
	GlobalSection(SolutionConfigurationPlatforms) = preSolution
		Debug|Any CPU = Debug|Any CPU
		Release|Any CPU = Release|Any CPU
	EndGlobalSection
	GlobalSection(ProjectConfigurationPlatforms) = postSolution
		{0BA5BC48-C045-4F86-97AB-31930E7AAAFD}.Debug|Any CPU.ActiveCfg = Debug|Any CPU
		{0BA5BC48-C045-4F86-97AB-31930E7AAAFD}.Debug|Any CPU.Build.0 = Debug|Any CPU
		{0BA5BC48-C045-4F86-97AB-31930E7AAAFD}.Release|Any CPU.ActiveCfg = Release|Any CPU
		{0BA5BC48-C045-4F86-97AB-31930E7AAAFD}.Release|Any CPU.Build.0 = Release|Any CPU
		{4B8BBD04-133D-4477-824C-69551884CFF2}.Debug|Any CPU.ActiveCfg = Debug|Any CPU
		{4B8BBD04-133D-4477-824C-69551884CFF2}.Debug|Any CPU.Build.0 = Debug|Any CPU
		{4B8BBD04-133D-4477-824C-69551884CFF2}.Release|Any CPU.ActiveCfg = Release|Any CPU
		{4B8BBD04-133D-4477-824C-69551884CFF2}.Release|Any CPU.Build.0 = Release|Any CPU
		{0377EEE5-EAA4-45D3-9AF5-0F69A876AF0F}.Debug|Any CPU.ActiveCfg = Debug|Any CPU
		{0377EEE5-EAA4-45D3-9AF5-0F69A876AF0F}.Debug|Any CPU.Build.0 = Debug|Any CPU
		{0377EEE5-EAA4-45D3-9AF5-0F69A876AF0F}.Release|Any CPU.ActiveCfg = Release|Any CPU
		{0377EEE5-EAA4-45D3-9AF5-0F69A876AF0F}.Release|Any CPU.Build.0 = Release|Any CPU
	EndGlobalSection
EndGlobal
